{
  "requires": true,
  "lockfileVersion": 1,
  "dependencies": {
    "@aldabil/react-scheduler": {
      "version": "2.2.1",
      "resolved": "https://registry.npmjs.org/@aldabil/react-scheduler/-/react-scheduler-2.2.1.tgz",
      "integrity": "sha512-IKA6kGr1sxkP1/MuBJBAy6sx1dLaP13XQDwhlFiJ8kl3psxP8jqKyminda6Fc4+RegiYiIURKFzREhLIuGhrbg=="
    },
    "@babel/runtime": {
      "version": "7.17.9",
      "resolved": "https://registry.npmjs.org/@babel/runtime/-/runtime-7.17.9.tgz",
      "integrity": "sha512-lSiBBvodq29uShpWGNbgFdKYNiFDo5/HIYsaCEY9ff4sb10x9jizo2+pRrSyF4jKZCXqgzuqBOQKbUm90gQwJg==",
      "requires": {
        "regenerator-runtime": "^0.13.4"
      }
    },
    "@date-io/core": {
      "version": "2.13.1",
      "resolved": "https://registry.npmjs.org/@date-io/core/-/core-2.13.1.tgz",
      "integrity": "sha512-pVI9nfkf2qClb2Cxdq0Q4zJhdawMG4ybWZUVGifT78FDwzRMX2SwXBb55s5NRJk0HcIicDuxktmCtemZqMH1Zg=="
    },
    "@date-io/date-fns": {
      "version": "2.13.1",
      "resolved": "https://registry.npmjs.org/@date-io/date-fns/-/date-fns-2.13.1.tgz",
      "integrity": "sha512-8fmfwjiLMpFLD+t4NBwDx0eblWnNcgt4NgfT/uiiQTGI81fnPu9tpBMYdAcuWxaV7LLpXgzLBx1SYWAMDVUDQQ==",
      "requires": {
        "@date-io/core": "^2.13.1"
      }
    },
    "@date-io/dayjs": {
      "version": "2.13.1",
      "resolved": "https://registry.npmjs.org/@date-io/dayjs/-/dayjs-2.13.1.tgz",
      "integrity": "sha512-5bL4WWWmlI4uGZVScANhHJV7Mjp93ec2gNeUHDqqLaMZhp51S0NgD25oqj/k0LqBn1cdU2MvzNpk/ObMmVv5cQ==",
      "requires": {
        "@date-io/core": "^2.13.1"
      }
    },
    "@date-io/luxon": {
      "version": "2.13.1",
      "resolved": "https://registry.npmjs.org/@date-io/luxon/-/luxon-2.13.1.tgz",
      "integrity": "sha512-yG+uM7lXfwLyKKEwjvP8oZ7qblpmfl9gxQYae55ifbwiTs0CoCTkYkxEaQHGkYtTqGTzLqcb0O9Pzx6vgWg+yg==",
      "requires": {
        "@date-io/core": "^2.13.1"
      }
    },
    "@date-io/moment": {
      "version": "2.13.1",
      "resolved": "https://registry.npmjs.org/@date-io/moment/-/moment-2.13.1.tgz",
      "integrity": "sha512-XX1X/Tlvl3TdqQy2j0ZUtEJV6Rl8tOyc5WOS3ki52He28Uzme4Ro/JuPWTMBDH63weSWIZDlbR7zBgp3ZA2y1A==",
      "requires": {
        "@date-io/core": "^2.13.1"
      }
    },
    "@emotion/cache": {
      "version": "11.7.1",
      "resolved": "https://registry.npmjs.org/@emotion/cache/-/cache-11.7.1.tgz",
      "integrity": "sha512-r65Zy4Iljb8oyjtLeCuBH8Qjiy107dOYC6SJq7g7GV5UCQWMObY4SJDPGFjiiVpPrOJ2hmJOoBiYTC7hwx9E2A==",
      "requires": {
        "@emotion/memoize": "^0.7.4",
        "@emotion/sheet": "^1.1.0",
        "@emotion/utils": "^1.0.0",
        "@emotion/weak-memoize": "^0.2.5",
        "stylis": "4.0.13"
      }
    },
    "@emotion/is-prop-valid": {
      "version": "1.1.2",
      "resolved": "https://registry.npmjs.org/@emotion/is-prop-valid/-/is-prop-valid-1.1.2.tgz",
      "integrity": "sha512-3QnhqeL+WW88YjYbQL5gUIkthuMw7a0NGbZ7wfFVk2kg/CK5w8w5FFa0RzWjyY1+sujN0NWbtSHH6OJmWHtJpQ==",
      "requires": {
        "@emotion/memoize": "^0.7.4"
      }
    },
    "@emotion/memoize": {
      "version": "0.7.5",
      "resolved": "https://registry.npmjs.org/@emotion/memoize/-/memoize-0.7.5.tgz",
      "integrity": "sha512-igX9a37DR2ZPGYtV6suZ6whr8pTFtyHL3K/oLUotxpSVO2ASaprmAe2Dkq7tBo7CRY7MMDrAa9nuQP9/YG8FxQ=="
    },
    "@emotion/sheet": {
      "version": "1.1.0",
      "resolved": "https://registry.npmjs.org/@emotion/sheet/-/sheet-1.1.0.tgz",
      "integrity": "sha512-u0AX4aSo25sMAygCuQTzS+HsImZFuS8llY8O7b9MDRzbJM0kVJlAz6KNDqcG7pOuQZJmj/8X/rAW+66kMnMW+g=="
    },
    "@emotion/utils": {
      "version": "1.1.0",
      "resolved": "https://registry.npmjs.org/@emotion/utils/-/utils-1.1.0.tgz",
      "integrity": "sha512-iRLa/Y4Rs5H/f2nimczYmS5kFJEbpiVvgN3XVfZ022IYhuNA1IRSHEizcof88LtCTXtl9S2Cxt32KgaXEu72JQ=="
    },
    "@emotion/weak-memoize": {
      "version": "0.2.5",
      "resolved": "https://registry.npmjs.org/@emotion/weak-memoize/-/weak-memoize-0.2.5.tgz",
      "integrity": "sha512-6U71C2Wp7r5XtFtQzYrW5iKFT67OixrSxjI4MptCHzdSVlgabczzqLe0ZSgnub/5Kp4hSbpDB1tMytZY9pwxxA=="
    },
    "@mui/base": {
      "version": "5.0.0-alpha.79",
      "resolved": "https://registry.npmjs.org/@mui/base/-/base-5.0.0-alpha.79.tgz",
      "integrity": "sha512-/lZLF027BkiEjM8MIYoeS/FEhTKf+41ePU9SOijMGrCin1Y0Igucw+IHa1fF8HXD7wDbFKqHuso3J1jMG8wyNw==",
      "requires": {
        "@babel/runtime": "^7.17.2",
        "@emotion/is-prop-valid": "^1.1.2",
        "@mui/types": "^7.1.3",
        "@mui/utils": "^5.6.1",
        "@popperjs/core": "^2.11.5",
        "clsx": "^1.1.1",
        "prop-types": "^15.7.2",
        "react-is": "^17.0.2"
      },
      "dependencies": {
        "react-is": {
          "version": "17.0.2",
          "resolved": "https://registry.npmjs.org/react-is/-/react-is-17.0.2.tgz",
          "integrity": "sha512-w2GsyukL62IJnlaff/nRegPQR94C/XXamvMWmSHRJ4y7Ts/4ocGRmTHvOs8PSE6pB3dWOrD/nueuU5sduBsQ4w=="
        }
      }
    },
    "@mui/lab": {
      "version": "5.0.0-alpha.80",
      "resolved": "https://registry.npmjs.org/@mui/lab/-/lab-5.0.0-alpha.80.tgz",
      "integrity": "sha512-td5Ak0Hx+EzVN9MJqBlZJ6BKFGjTrHyNjXncjSHTvp8Z9p157AlOA/Sf7r+RyqyVzOzBfv4S37i9ShFTzSK61Q==",
      "requires": {
        "@babel/runtime": "^7.17.2",
        "@mui/base": "5.0.0-alpha.79",
        "@mui/system": "^5.6.4",
        "@mui/utils": "^5.6.1",
        "@mui/x-date-pickers": "5.0.0-alpha.0",
        "clsx": "^1.1.1",
        "prop-types": "^15.7.2",
        "react-is": "^17.0.2",
        "react-transition-group": "^4.4.2",
        "rifm": "^0.12.1"
      },
      "dependencies": {
        "react-is": {
          "version": "17.0.2",
          "resolved": "https://registry.npmjs.org/react-is/-/react-is-17.0.2.tgz",
          "integrity": "sha512-w2GsyukL62IJnlaff/nRegPQR94C/XXamvMWmSHRJ4y7Ts/4ocGRmTHvOs8PSE6pB3dWOrD/nueuU5sduBsQ4w=="
        }
      }
    },
    "@mui/private-theming": {
      "version": "5.6.2",
      "resolved": "https://registry.npmjs.org/@mui/private-theming/-/private-theming-5.6.2.tgz",
      "integrity": "sha512-IbrSfFXfiZdyhRMC2bgGTFtb16RBQ5mccmjeh3MtAERWuepiCK7gkW5D9WhEsfTu6iez+TEjeUKSgmMHlsM2mg==",
      "requires": {
        "@babel/runtime": "^7.17.2",
        "@mui/utils": "^5.6.1",
        "prop-types": "^15.7.2"
      }
    },
    "@mui/styled-engine": {
      "version": "5.6.1",
      "resolved": "https://registry.npmjs.org/@mui/styled-engine/-/styled-engine-5.6.1.tgz",
      "integrity": "sha512-jEhH6TBY8jc9S8yVncXmoTYTbATjEu44RMFXj6sIYfKr5NArVwTwRo3JexLL0t3BOAiYM4xsFLgfKEIvB9SAeQ==",
      "requires": {
        "@babel/runtime": "^7.17.2",
        "@emotion/cache": "^11.7.1",
        "prop-types": "^15.7.2"
      }
    },
    "@mui/system": {
      "version": "5.6.4",
      "resolved": "https://registry.npmjs.org/@mui/system/-/system-5.6.4.tgz",
      "integrity": "sha512-7rsWED1wMFMePySJobsBerFZNu7ga580QSi3Zd6sJR8nVj12qD3yIdfvxA70/PxJ/805KbIT0GX7edKI+hpyhA==",
      "requires": {
        "@babel/runtime": "^7.17.2",
        "@mui/private-theming": "^5.6.2",
        "@mui/styled-engine": "^5.6.1",
        "@mui/types": "^7.1.3",
        "@mui/utils": "^5.6.1",
        "clsx": "^1.1.1",
        "csstype": "^3.0.11",
        "prop-types": "^15.7.2"
      }
    },
    "@mui/types": {
      "version": "7.1.3",
      "resolved": "https://registry.npmjs.org/@mui/types/-/types-7.1.3.tgz",
      "integrity": "sha512-DDF0UhMBo4Uezlk+6QxrlDbchF79XG6Zs0zIewlR4c0Dt6GKVFfUtzPtHCH1tTbcSlq/L2bGEdiaoHBJ9Y1gSA=="
    },
    "@mui/utils": {
      "version": "5.6.1",
      "resolved": "https://registry.npmjs.org/@mui/utils/-/utils-5.6.1.tgz",
      "integrity": "sha512-CPrzrkiBusCZBLWu0Sg5MJvR3fKJyK3gKecLVX012LULyqg2U64Oz04BKhfkbtBrPBbSQxM+DWW9B1c9hmV9nQ==",
      "requires": {
        "@babel/runtime": "^7.17.2",
        "@types/prop-types": "^15.7.4",
        "@types/react-is": "^16.7.1 || ^17.0.0",
        "prop-types": "^15.7.2",
        "react-is": "^17.0.2"
      },
      "dependencies": {
        "react-is": {
          "version": "17.0.2",
          "resolved": "https://registry.npmjs.org/react-is/-/react-is-17.0.2.tgz",
          "integrity": "sha512-w2GsyukL62IJnlaff/nRegPQR94C/XXamvMWmSHRJ4y7Ts/4ocGRmTHvOs8PSE6pB3dWOrD/nueuU5sduBsQ4w=="
        }
      }
    },
    "@mui/x-date-pickers": {
      "version": "5.0.0-alpha.0",
      "resolved": "https://registry.npmjs.org/@mui/x-date-pickers/-/x-date-pickers-5.0.0-alpha.0.tgz",
      "integrity": "sha512-JTzTaNSWbxNi8KDUJjHCH6im0YlIEv88gPoKhGm7s6xCGT1q6FtMp/oQ40nhfwrJ73nkM5G1JXRIzI/yfsHXQQ==",
      "requires": {
        "@date-io/date-fns": "^2.11.0",
        "@date-io/dayjs": "^2.11.0",
        "@date-io/luxon": "^2.11.1",
        "@date-io/moment": "^2.11.0",
        "@mui/utils": "^5.2.3",
        "clsx": "^1.1.1",
        "prop-types": "^15.7.2",
        "react-transition-group": "^4.4.2",
        "rifm": "^0.12.1"
      }
    },
    "@popperjs/core": {
      "version": "2.11.5",
      "resolved": "https://registry.npmjs.org/@popperjs/core/-/core-2.11.5.tgz",
      "integrity": "sha512-9X2obfABZuDVLCgPK9aX0a/x4jaOEweTTWE2+9sr0Qqqevj2Uv5XorvusThmc9XGYpS9yI+fhh8RTafBtGposw=="
    },
    "@react-pdf-viewer/core": {
      "version": "3.3.0",
      "resolved": "https://registry.npmjs.org/@react-pdf-viewer/core/-/core-3.3.0.tgz",
      "integrity": "sha512-rcVCH+qIAibMFNbHEvJ2v9+tECDAIEgkONQEYbKZZlCNAfxOeUT2c/h99qKkOL2cIFu7+kc5/4wkswkO1mBMmA=="
    },
    "@restart/hooks": {
      "version": "0.3.27",
      "resolved": "https://registry.npmjs.org/@restart/hooks/-/hooks-0.3.27.tgz",
      "integrity": "sha512-s984xV/EapUIfkjlf8wz9weP2O9TNKR96C68FfMEy2bE69+H4cNv3RD4Mf97lW7Htt7PjZrYTjSC8f3SB9VCXw==",
      "requires": {
        "dequal": "^2.0.2"
      }
    },
    "@types/json-schema": {
      "version": "7.0.11",
      "resolved": "https://registry.npmjs.org/@types/json-schema/-/json-schema-7.0.11.tgz",
      "integrity": "sha512-wOuvG1SN4Us4rez+tylwwwCV1psiNVOkJeM3AUWUNWg/jDQY2+HE/444y5gc+jBmRqASOm2Oeh5c1axHobwRKQ=="
    },
    "@types/prop-types": {
      "version": "15.7.5",
      "resolved": "https://registry.npmjs.org/@types/prop-types/-/prop-types-15.7.5.tgz",
      "integrity": "sha512-JCB8C6SnDoQf0cNycqd/35A7MjcnK+ZTqE7judS6o7utxUCg6imJg3QK2qzHKszlTjcj2cn+NwMB2i96ubpj7w=="
    },
    "@types/react": {
      "version": "18.0.8",
      "resolved": "https://registry.npmjs.org/@types/react/-/react-18.0.8.tgz",
      "integrity": "sha512-+j2hk9BzCOrrOSJASi5XiOyBbERk9jG5O73Ya4M0env5Ixi6vUNli4qy994AINcEF+1IEHISYFfIT4zwr++LKw==",
      "requires": {
        "@types/prop-types": "*",
        "@types/scheduler": "*",
        "csstype": "^3.0.2"
      }
    },
    "@types/react-is": {
      "version": "17.0.3",
      "resolved": "https://registry.npmjs.org/@types/react-is/-/react-is-17.0.3.tgz",
      "integrity": "sha512-aBTIWg1emtu95bLTLx0cpkxwGW3ueZv71nE2YFBpL8k/z5czEW8yYpOo8Dp+UUAFAtKwNaOsh/ioSeQnWlZcfw==",
      "requires": {
        "@types/react": "*"
      }
    },
    "@types/scheduler": {
      "version": "0.16.2",
      "resolved": "https://registry.npmjs.org/@types/scheduler/-/scheduler-0.16.2.tgz",
      "integrity": "sha512-hppQEBDmlwhFAXKJX2KnWLYu5yMfi91yazPb2l+lbJiwW+wdo1gNeRA+3RgNSO39WYX2euey41KEwnqesU2Jew=="
    },
    "@types/warning": {
      "version": "3.0.0",
      "resolved": "https://registry.npmjs.org/@types/warning/-/warning-3.0.0.tgz",
      "integrity": "sha1-DSUBJorY+ZYrdA04fEZU9fjiPlI="
    },
    "ajv": {
      "version": "6.12.6",
      "resolved": "https://registry.npmjs.org/ajv/-/ajv-6.12.6.tgz",
      "integrity": "sha512-j3fVLgvTo527anyYyJOGTYJbG+vnnQYvE0m5mmkc1TK+nxAppkCLMIL0aZ4dblVCNoGShhm+kzE4ZUykBoMg4g==",
      "requires": {
        "fast-deep-equal": "^3.1.1",
        "fast-json-stable-stringify": "^2.0.0",
        "json-schema-traverse": "^0.4.1",
        "uri-js": "^4.2.2"
      }
    },
    "ajv-keywords": {
      "version": "3.5.2",
      "resolved": "https://registry.npmjs.org/ajv-keywords/-/ajv-keywords-3.5.2.tgz",
      "integrity": "sha512-5p6WTN0DdTGVQk6VjcEju19IgaHudalcfabD7yhDGeA6bcQnmL+CpveLJq/3hvfwd1aof6L386Ougkx6RfyMIQ=="
    },
    "big.js": {
      "version": "5.2.2",
      "resolved": "https://registry.npmjs.org/big.js/-/big.js-5.2.2.tgz",
      "integrity": "sha512-vyL2OymJxmarO8gxMr0mhChsO9QGwhynfuu4+MHTAW6czfq9humCB7rKpUjDd9YUiDPU4mzpyupFSvOClAwbmQ=="
    },
    "classnames": {
      "version": "2.3.1",
      "resolved": "https://registry.npmjs.org/classnames/-/classnames-2.3.1.tgz",
      "integrity": "sha512-OlQdbZ7gLfGarSqxesMesDa5uz7KFbID8Kpq/SxIoNGDqY8lSYs0D+hhtBXhcdB3rcbXArFr7vlHheLk1voeNA=="
    },
    "clsx": {
      "version": "1.1.1",
      "resolved": "https://registry.npmjs.org/clsx/-/clsx-1.1.1.tgz",
      "integrity": "sha512-6/bPho624p3S2pMyvP5kKBPXnI3ufHLObBFCfgx+LkeR5lg2XYy2hqZqUf45ypD8COn2bhgGJSUE+l5dhNBieA=="
    },
    "csstype": {
      "version": "3.0.11",
      "resolved": "https://registry.npmjs.org/csstype/-/csstype-3.0.11.tgz",
      "integrity": "sha512-sa6P2wJ+CAbgyy4KFssIb/JNMLxFvKF1pCYCSXS8ZMuqZnMsrxqI2E5sPyoTpxoPU/gVZMzr2zjOfg8GIZOMsw=="
    },
    "date-arithmetic": {
      "version": "4.1.0",
      "resolved": "https://registry.npmjs.org/date-arithmetic/-/date-arithmetic-4.1.0.tgz",
      "integrity": "sha512-QWxYLR5P/6GStZcdem+V1xoto6DMadYWpMXU82ES3/RfR3Wdwr3D0+be7mgOJ+Ov0G9D5Dmb9T17sNLQYj9XOg=="
    },
    "date-fns": {
      "version": "2.28.0",
      "resolved": "https://registry.npmjs.org/date-fns/-/date-fns-2.28.0.tgz",
      "integrity": "sha512-8d35hViGYx/QH0icHYCeLmsLmMUheMmTyV9Fcm6gvNwdw31yXXH+O85sOBJ+OLnLQMKZowvpKb6FgMIQjcpvQw=="
    },
    "dequal": {
      "version": "2.0.2",
      "resolved": "https://registry.npmjs.org/dequal/-/dequal-2.0.2.tgz",
      "integrity": "sha512-q9K8BlJVxK7hQYqa6XISGmBZbtQQWVXSrRrWreHC94rMt1QL/Impruc+7p2CYSYuVIUr+YCt6hjrs1kkdJRTug=="
    },
    "dhtmlx-scheduler": {
      "version": "5.3.14",
      "resolved": "https://registry.npmjs.org/dhtmlx-scheduler/-/dhtmlx-scheduler-5.3.14.tgz",
      "integrity": "sha512-Wn6AyQcWLdNv+FAh05BOTB5+qiK7xkbuDDwuuXgQFQTG5NS9zXtEwhJmaLoXF7Fn7ptyc3ljtMrq1l+FR7f8ZQ=="
    },
    "dom-helpers": {
      "version": "5.2.1",
      "resolved": "https://registry.npmjs.org/dom-helpers/-/dom-helpers-5.2.1.tgz",
      "integrity": "sha512-nRCa7CK3VTrM2NmGkIy4cbK7IZlgBE/PYMn55rrXefr5xXDP0LdtfPnblFDoVdcAfslJ7or6iqAUnx0CCGIWQA==",
      "requires": {
        "@babel/runtime": "^7.8.7",
        "csstype": "^3.0.2"
      }
    },
    "emojis-list": {
      "version": "3.0.0",
      "resolved": "https://registry.npmjs.org/emojis-list/-/emojis-list-3.0.0.tgz",
      "integrity": "sha512-/kyM18EfinwXZbno9FyUGeFh87KC8HRQBQGildHZbEuRyWFOmv1U10o9BBp8XVZDVNNuQKyIGIu5ZYAAXJ0V2Q=="
    },
    "fast-deep-equal": {
      "version": "3.1.3",
      "resolved": "https://registry.npmjs.org/fast-deep-equal/-/fast-deep-equal-3.1.3.tgz",
      "integrity": "sha512-f3qQ9oQy9j2AhBe/H9VC91wLmKBCCU/gDOnKNAYG5hswO7BLKj09Hc5HYNz9cGI++xlpDCIgDaitVs03ATR84Q=="
    },
    "fast-json-stable-stringify": {
      "version": "2.1.0",
      "resolved": "https://registry.npmjs.org/fast-json-stable-stringify/-/fast-json-stable-stringify-2.1.0.tgz",
      "integrity": "sha512-lhd/wF+Lk98HZoTCtlVraHtfh5XYijIjalXck7saUtuanSDyLMxnHhSXEDJqHxD7msR8D0uCmqlkwjCV8xvwHw=="
    },
    "file-loader": {
      "version": "6.2.0",
      "resolved": "https://registry.npmjs.org/file-loader/-/file-loader-6.2.0.tgz",
      "integrity": "sha512-qo3glqyTa61Ytg4u73GultjHGjdRyig3tG6lPtyX/jOEJvHif9uB0/OCI2Kif6ctF3caQTW2G5gym21oAsI4pw==",
      "requires": {
        "loader-utils": "^2.0.0",
        "schema-utils": "^3.0.0"
      }
    },
    "invariant": {
      "version": "2.2.4",
      "resolved": "https://registry.npmjs.org/invariant/-/invariant-2.2.4.tgz",
      "integrity": "sha512-phJfQVBuaJM5raOpJjSfkiD6BpbCE4Ns//LaXl6wGYtUBY83nWS6Rf9tXm2e8VaK60JEjYldbPif/A2B1C2gNA==",
      "requires": {
        "loose-envify": "^1.0.0"
      }
    },
    "js-tokens": {
      "version": "4.0.0",
      "resolved": "https://registry.npmjs.org/js-tokens/-/js-tokens-4.0.0.tgz",
      "integrity": "sha512-RdJUflcE3cUzKiMqQgsCu06FPu9UdIJO0beYbPhHN4k6apgJtifcoCtT9bcxOpYBtpD2kCM6Sbzg4CausW/PKQ=="
    },
    "json-schema-traverse": {
      "version": "0.4.1",
      "resolved": "https://registry.npmjs.org/json-schema-traverse/-/json-schema-traverse-0.4.1.tgz",
      "integrity": "sha512-xbbCH5dCYU5T8LcEhhuh7HJ88HXuW3qsI3Y0zOZFKfZEHcpWiHU/Jxzk629Brsab/mMiHQti9wMP+845RPe3Vg=="
    },
    "json5": {
      "version": "2.2.1",
      "resolved": "https://registry.npmjs.org/json5/-/json5-2.2.1.tgz",
      "integrity": "sha512-1hqLFMSrGHRHxav9q9gNjJ5EXznIxGVO09xQRrwplcS8qs28pZ8s8hupZAmqDwZUmVZ2Qb2jnyPOWcDH8m8dlA=="
    },
    "loader-utils": {
      "version": "2.0.2",
      "resolved": "https://registry.npmjs.org/loader-utils/-/loader-utils-2.0.2.tgz",
      "integrity": "sha512-TM57VeHptv569d/GKh6TAYdzKblwDNiumOdkFnejjD0XwTH87K90w3O7AiJRqdQoXygvi1VQTJTLGhJl7WqA7A==",
      "requires": {
        "big.js": "^5.2.2",
        "emojis-list": "^3.0.0",
        "json5": "^2.1.2"
      }
    },
    "lodash": {
      "version": "4.17.21",
      "resolved": "https://registry.npmjs.org/lodash/-/lodash-4.17.21.tgz",
      "integrity": "sha512-v2kDEe57lecTulaDIuNTPy3Ry4gLGJ6Z1O3vE1krgXZNrsQ+LFTGHVxVjcXPs17LhbZVGedAJv8XZ1tvj5FvSg=="
    },
    "lodash-es": {
      "version": "4.17.21",
      "resolved": "https://registry.npmjs.org/lodash-es/-/lodash-es-4.17.21.tgz",
      "integrity": "sha512-mKnC+QJ9pWVzv+C4/U3rRsHapFfHvQFoFB92e52xeyGMcX6/OlIl78je1u8vePzYZSkkogMPJ2yjxxsb89cxyw=="
    },
    "loose-envify": {
      "version": "1.4.0",
      "resolved": "https://registry.npmjs.org/loose-envify/-/loose-envify-1.4.0.tgz",
      "integrity": "sha512-lyuxPGr/Wfhrlem2CL/UcnUc1zcqKAImBDzukY7Y5F/yQiNdko6+fRLevlw1HgMySw7f611UIY408EtxRSoK3Q==",
      "requires": {
        "js-tokens": "^3.0.0 || ^4.0.0"
      }
    },
    "make-cancellable-promise": {
      "version": "1.1.0",
      "resolved": "https://registry.npmjs.org/make-cancellable-promise/-/make-cancellable-promise-1.1.0.tgz",
      "integrity": "sha512-X5Opjm2xcZsOLuJ+Bnhb4t5yfu4ehlA3OKEYLtqUchgVzL/QaqW373ZUVxVHKwvJ38cmYuR4rAHD2yUvAIkTPA=="
    },
    "make-event-props": {
      "version": "1.3.0",
      "resolved": "https://registry.npmjs.org/make-event-props/-/make-event-props-1.3.0.tgz",
      "integrity": "sha512-oWiDZMcVB1/A487251hEWza1xzgCzl6MXxe9aF24l5Bt9N9UEbqTqKumEfuuLhmlhRZYnc+suVvW4vUs8bwO7Q=="
    },
    "memoize-one": {
      "version": "6.0.0",
      "resolved": "https://registry.npmjs.org/memoize-one/-/memoize-one-6.0.0.tgz",
      "integrity": "sha512-rkpe71W0N0c0Xz6QD0eJETuWAJGnJ9afsl1srmwPrI+yBCkge5EycXXbYRyvL29zZVUWQCY7InPRCv3GDXuZNw=="
    },
    "merge-class-names": {
      "version": "1.4.2",
      "resolved": "https://registry.npmjs.org/merge-class-names/-/merge-class-names-1.4.2.tgz",
      "integrity": "sha512-bOl98VzwCGi25Gcn3xKxnR5p/WrhWFQB59MS/aGENcmUc6iSm96yrFDF0XSNurX9qN4LbJm0R9kfvsQ17i8zCw=="
    },
    "merge-refs": {
      "version": "1.0.0",
      "resolved": "https://registry.npmjs.org/merge-refs/-/merge-refs-1.0.0.tgz",
      "integrity": "sha512-WZ4S5wqD9FCR9hxkLgvcHJCBxzXzy3VVE6p8W2OzxRzB+hLRlcadGE2bW9xp2KSzk10rvp4y+pwwKO6JQVguMg=="
    },
    "object-assign": {
      "version": "4.1.1",
      "resolved": "https://registry.npmjs.org/object-assign/-/object-assign-4.1.1.tgz",
      "integrity": "sha1-IQmtx5ZYh8/AXLvUQsrIv7s2CGM="
    },
    "pdfjs-dist": {
      "version": "2.13.216",
      "resolved": "https://registry.npmjs.org/pdfjs-dist/-/pdfjs-dist-2.13.216.tgz",
      "integrity": "sha512-qn/9a/3IHIKZarTK6ajeeFXBkG15Lg1Fx99PxU09PAU2i874X8mTcHJYyDJxu7WDfNhV6hM7bRQBZU384anoqQ==",
      "requires": {
        "web-streams-polyfill": "^3.2.0"
      }
    },
    "prop-types": {
      "version": "15.8.1",
      "resolved": "https://registry.npmjs.org/prop-types/-/prop-types-15.8.1.tgz",
      "integrity": "sha512-oj87CgZICdulUohogVAR7AjlC0327U4el4L6eAvOqCeudMDVU0NThNaV+b9Df4dXgSP1gXMTnPdhfe/2qDH5cg==",
      "requires": {
        "loose-envify": "^1.4.0",
        "object-assign": "^4.1.1",
        "react-is": "^16.13.1"
      }
    },
    "punycode": {
      "version": "2.1.1",
      "resolved": "https://registry.npmjs.org/punycode/-/punycode-2.1.1.tgz",
      "integrity": "sha512-XRsRjdf+j5ml+y/6GKHPZbrF/8p2Yga0JPtdqTIY2Xe5ohJPD9saDJJLPvp9+NSBprVvevdXZybnj2cv8OEd0A=="
    },
    "react-big-calendar": {
      "version": "0.40.1",
      "resolved": "https://registry.npmjs.org/react-big-calendar/-/react-big-calendar-0.40.1.tgz",
      "integrity": "sha512-dFjyygtT9eu1L6K6eZPpluWtLtY+8vA464AnjZlta1+SZgGwNDXg7aRllXpDlAe9iTRXmSQVT/45LlHosZ4Ziw==",
      "requires": {
        "@babel/runtime": "^7.17.2",
        "clsx": "^1.1.1",
        "date-arithmetic": "^4.1.0",
        "dom-helpers": "^5.2.1",
        "invariant": "^2.2.4",
        "lodash": "^4.17.21",
        "lodash-es": "^4.17.21",
        "memoize-one": "^6.0.0",
        "prop-types": "^15.8.1",
        "react-overlays": "^4.1.1",
        "uncontrollable": "^7.2.1"
      }
    },
    "react-datepicker": {
      "version": "4.7.0",
      "resolved": "https://registry.npmjs.org/react-datepicker/-/react-datepicker-4.7.0.tgz",
      "integrity": "sha512-FS8KgbwqpxmJBv/bUdA42MYqYZa+fEYcpc746DZiHvVE2nhjrW/dg7c5B5fIUuI8gZET6FOzuDgezNcj568Czw==",
      "requires": {
        "@popperjs/core": "^2.9.2",
        "classnames": "^2.2.6",
        "date-fns": "^2.24.0",
        "prop-types": "^15.7.2",
        "react-onclickoutside": "^6.12.0",
        "react-popper": "^2.2.5"
      }
    },
    "react-fast-compare": {
      "version": "3.2.0",
      "resolved": "https://registry.npmjs.org/react-fast-compare/-/react-fast-compare-3.2.0.tgz",
      "integrity": "sha512-rtGImPZ0YyLrscKI9xTpV8psd6I8VAtjKCzQDlzyDvqJA8XOW78TXYQwNRNd8g8JZnDu8q9Fu/1v4HPAVwVdHA=="
    },
    "react-is": {
      "version": "16.13.1",
      "resolved": "https://registry.npmjs.org/react-is/-/react-is-16.13.1.tgz",
      "integrity": "sha512-24e6ynE2H+OKt4kqsOvNd8kBpV65zoxbA4BVsEOB3ARVWQki/DHzaUoC5KuON/BiccDaCCTZBuOcfZs70kR8bQ=="
    },
    "react-lifecycles-compat": {
      "version": "3.0.4",
      "resolved": "https://registry.npmjs.org/react-lifecycles-compat/-/react-lifecycles-compat-3.0.4.tgz",
      "integrity": "sha512-fBASbA6LnOU9dOU2eW7aQ8xmYBSXUIWr+UmF9b1efZBazGNO+rcXT/icdKnYm2pTwcRylVUYwW7H1PHfLekVzA=="
    },
    "react-onclickoutside": {
      "version": "6.12.1",
      "resolved": "https://registry.npmjs.org/react-onclickoutside/-/react-onclickoutside-6.12.1.tgz",
      "integrity": "sha512-a5Q7CkWznBRUWPmocCvE8b6lEYw1s6+opp/60dCunhO+G6E4tDTO2Sd2jKE+leEnnrLAE2Wj5DlDHNqj5wPv1Q=="
    },
    "react-overlays": {
      "version": "4.1.1",
      "resolved": "https://registry.npmjs.org/react-overlays/-/react-overlays-4.1.1.tgz",
      "integrity": "sha512-WtJifh081e6M24KnvTQoNjQEpz7HoLxqt8TwZM7LOYIkYJ8i/Ly1Xi7RVte87ZVnmqQ4PFaFiNHZhSINPSpdBQ==",
      "requires": {
        "@babel/runtime": "^7.12.1",
        "@popperjs/core": "^2.5.3",
        "@restart/hooks": "^0.3.25",
        "@types/warning": "^3.0.0",
        "dom-helpers": "^5.2.0",
        "prop-types": "^15.7.2",
        "uncontrollable": "^7.0.0",
        "warning": "^4.0.3"
      }
    },
    "react-pdf": {
      "version": "5.7.2",
      "resolved": "https://registry.npmjs.org/react-pdf/-/react-pdf-5.7.2.tgz",
      "integrity": "sha512-hdDwvf007V0i2rPCqQVS1fa70CXut17SN3laJYlRHzuqcu8sLLjEoeXihty6c0Ev5g1mw31b8OT8EwRw1s8C4g==",
      "requires": {
        "@babel/runtime": "^7.0.0",
        "file-loader": "^6.0.0",
        "make-cancellable-promise": "^1.0.0",
        "make-event-props": "^1.1.0",
        "merge-class-names": "^1.1.1",
        "merge-refs": "^1.0.0",
        "pdfjs-dist": "2.12.313",
        "prop-types": "^15.6.2",
        "tiny-invariant": "^1.0.0",
        "tiny-warning": "^1.0.0"
      },
      "dependencies": {
        "pdfjs-dist": {
          "version": "2.12.313",
          "resolved": "https://registry.npmjs.org/pdfjs-dist/-/pdfjs-dist-2.12.313.tgz",
          "integrity": "sha512-1x6iXO4Qnv6Eb+YFdN5JdUzt4pAkxSp3aLAYPX93eQCyg/m7QFzXVWJHJVtoW48CI8HCXju4dSkhQZwoheL5mA=="
        }
      }
    },
    "react-popper": {
      "version": "2.3.0",
      "resolved": "https://registry.npmjs.org/react-popper/-/react-popper-2.3.0.tgz",
      "integrity": "sha512-e1hj8lL3uM+sgSR4Lxzn5h1GxBlpa4CQz0XLF8kx4MDrDRWY0Ena4c97PUeSX9i5W3UAfDP0z0FXCTQkoXUl3Q==",
      "requires": {
        "react-fast-compare": "^3.0.1",
        "warning": "^4.0.2"
      }
    },
    "react-transition-group": {
      "version": "4.4.2",
      "resolved": "https://registry.npmjs.org/react-transition-group/-/react-transition-group-4.4.2.tgz",
      "integrity": "sha512-/RNYfRAMlZwDSr6z4zNKV6xu53/e2BuaBbGhbyYIXTrmgu/bGHzmqOs7mJSJBHy9Ud+ApHx3QjrkKSp1pxvlFg==",
      "requires": {
        "@babel/runtime": "^7.5.5",
        "dom-helpers": "^5.0.1",
        "loose-envify": "^1.4.0",
        "prop-types": "^15.6.2"
      }
    },
    "regenerator-runtime": {
      "version": "0.13.9",
      "resolved": "https://registry.npmjs.org/regenerator-runtime/-/regenerator-runtime-0.13.9.tgz",
      "integrity": "sha512-p3VT+cOEgxFsRRA9X4lkI1E+k2/CtnKtU4gcxyaCUreilL/vqI6CdZ3wxVUx3UOUg+gnUOQQcRI7BmSI656MYA=="
    },
    "rifm": {
      "version": "0.12.1",
      "resolved": "https://registry.npmjs.org/rifm/-/rifm-0.12.1.tgz",
      "integrity": "sha512-OGA1Bitg/dSJtI/c4dh90svzaUPt228kzFsUkJbtA2c964IqEAwWXeL9ZJi86xWv3j5SMqRvGULl7bA6cK0Bvg=="
    },
    "schema-utils": {
      "version": "3.1.1",
      "resolved": "https://registry.npmjs.org/schema-utils/-/schema-utils-3.1.1.tgz",
      "integrity": "sha512-Y5PQxS4ITlC+EahLuXaY86TXfR7Dc5lw294alXOq86JAHCihAIZfqv8nNCWvaEJvaC51uN9hbLGeV0cFBdH+Fw==",
      "requires": {
        "@types/json-schema": "^7.0.8",
        "ajv": "^6.12.5",
        "ajv-keywords": "^3.5.2"
      }
    },
    "stylis": {
      "version": "4.0.13",
      "resolved": "https://registry.npmjs.org/stylis/-/stylis-4.0.13.tgz",
      "integrity": "sha512-xGPXiFVl4YED9Jh7Euv2V220mriG9u4B2TA6Ybjc1catrstKD2PpIdU3U0RKpkVBC2EhmL/F0sPCr9vrFTNRag=="
    },
    "tiny-invariant": {
      "version": "1.2.0",
      "resolved": "https://registry.npmjs.org/tiny-invariant/-/tiny-invariant-1.2.0.tgz",
      "integrity": "sha512-1Uhn/aqw5C6RI4KejVeTg6mIS7IqxnLJ8Mv2tV5rTc0qWobay7pDUz6Wi392Cnc8ak1H0F2cjoRzb2/AW4+Fvg=="
    },
    "tiny-warning": {
      "version": "1.0.3",
      "resolved": "https://registry.npmjs.org/tiny-warning/-/tiny-warning-1.0.3.tgz",
      "integrity": "sha512-lBN9zLN/oAf68o3zNXYrdCt1kP8WsiGW8Oo2ka41b2IM5JL/S1CTyX1rW0mb/zSuJun0ZUrDxx4sqvYS2FWzPA=="
    },
    "uncontrollable": {
      "version": "7.2.1",
      "resolved": "https://registry.npmjs.org/uncontrollable/-/uncontrollable-7.2.1.tgz",
      "integrity": "sha512-svtcfoTADIB0nT9nltgjujTi7BzVmwjZClOmskKu/E8FW9BXzg9os8OLr4f8Dlnk0rYWJIWr4wv9eKUXiQvQwQ==",
      "requires": {
        "@babel/runtime": "^7.6.3",
        "@types/react": ">=16.9.11",
        "invariant": "^2.2.4",
        "react-lifecycles-compat": "^3.0.4"
      }
    },
    "uri-js": {
      "version": "4.4.1",
      "resolved": "https://registry.npmjs.org/uri-js/-/uri-js-4.4.1.tgz",
      "integrity": "sha512-7rKUyy33Q1yc98pQ1DAmLtwX109F7TIfWlW1Ydo8Wl1ii1SeHieeh0HHfPeL2fMXK6z0s8ecKs9frCuLJvndBg==",
      "requires": {
        "punycode": "^2.1.0"
      }
    },
    "warning": {
      "version": "4.0.3",
      "resolved": "https://registry.npmjs.org/warning/-/warning-4.0.3.tgz",
      "integrity": "sha512-rpJyN222KWIvHJ/F53XSZv0Zl/accqHR8et1kpaMTD/fLCRxtV8iX8czMzY7sVZupTI3zcUTg8eycS2kNF9l6w==",
      "requires": {
        "loose-envify": "^1.0.0"
      }
    },
    "web-streams-polyfill": {
      "version": "3.2.1",
      "resolved": "https://registry.npmjs.org/web-streams-polyfill/-/web-streams-polyfill-3.2.1.tgz",
      "integrity": "sha512-e0MO3wdXWKrLbL0DgGnUV7WHVuw9OUvL4hjgnPkIeEvESk74gAITi5G606JtZPp39cd8HA9VQzCIvA49LpPN5Q=="
    }
  }
}
